
Microsoft Visual Studio Solution File, Format Version 12.00
# Visual Studio Version 16
VisualStudioVersion = 16.0.29519.87
MinimumVisualStudioVersion = 10.0.40219.1
Project("{FAE04EC0-301F-11D3-BF4B-00C04F79EFBC}") = "FAMS", "FAMS\FAMS.csproj", "{EACC84DA-F453-4E27-BB73-EF7CFA8A790B}"
EndProject
Global
	GlobalSection(SolutionConfigurationPlatforms) = preSolution
		Debug|Any CPU = Debug|Any CPU
		Release|Any CPU = Release|Any CPU
	EndGlobalSection
	GlobalSection(ProjectConfigurationPlatforms) = postSolution
		{EACC84DA-F453-4E27-BB73-EF7CFA8A790B}.Debug|Any CPU.ActiveCfg = Debug|Any CPU
		{EACC84DA-F453-4E27-BB73-EF7CFA8A790B}.Debug|Any CPU.Build.0 = Debug|Any CPU
		{EACC84DA-F453-4E27-BB73-EF7CFA8A790B}.Release|Any CPU.ActiveCfg = Release|Any CPU
		{EACC84DA-F453-4E27-BB73-EF7CFA8A790B}.Release|Any CPU.Build.0 = Release|Any CPU
	EndGlobalSection
	GlobalSection(SolutionProperties) = preSolution
		HideSolutionNode = FALSE
	EndGlobalSection
	GlobalSection(ExtensibilityGlobals) = postSolution
		SolutionGuid = {E3E95BFE-54AB-4B51-B80E-621FBA94C094}
	EndGlobalSection
EndGlobal
